
Microsoft Visual Studio Solution File, Format Version 12.00
Project("{FAE04EC0-301F-11D3-BF4B-00C04F79EFBC}") = "Pug.Compiler", "src\Pug.Compiler.csproj", "{EAB8EC21-E992-4B65-8D76-1DABACD76EC4}"
EndProject
Global
	GlobalSection(SolutionConfigurationPlatforms) = preSolution
		Debug|Any CPU = Debug|Any CPU
		Release|Any CPU = Release|Any CPU
	EndGlobalSection
	GlobalSection(ProjectConfigurationPlatforms) = postSolution
		{EAB8EC21-E992-4B65-8D76-1DABACD76EC4}.Debug|Any CPU.ActiveCfg = Debug|Any CPU
		{EAB8EC21-E992-4B65-8D76-1DABACD76EC4}.Debug|Any CPU.Build.0 = Debug|Any CPU
		{EAB8EC21-E992-4B65-8D76-1DABACD76EC4}.Release|Any CPU.ActiveCfg = Release|Any CPU
		{EAB8EC21-E992-4B65-8D76-1DABACD76EC4}.Release|Any CPU.Build.0 = Release|Any CPU
	EndGlobalSection
EndGlobal
